github.com/friendsofgo/errors v0.9.2 h1:X6NYxef4efCBdwI7BgS820zFaN7Cphrmb+Pljdzjtgk=
github.com/friendsofgo/errors v0.9.2/go.mod h1:yCvFW5AkDIL9qn7suHVLiI/gH228n7PC4Pn44IGoTOI=
github.com/knaka/go-utils v0.0.2024013008 h1:zBdp1y17Wul7tTMEzOWRK6kNmpacPosTOPG979AQOYY=
github.com/knaka/go-utils v0.0.2024013008/go.mod h1:Lzd8HeXz6Z9VJhjhtiqZpryf0qx3yJwZ71LKLWRzjDc=
golang.org/x/mod v0.14.0 h1:dGoOF9QVLYng8IHTm7BAyWqCqSheQ5pYWGhzW00YJr0=
golang.org/x/mod v0.14.0/go.mod h1:hTbmBsO62+eylJbnUtE2MGJUyE7QWk4xUqPFrRgJ+7c=
golang.org/x/xerrors v0.0.0-20190717185122-a985d3407aa7 h1:9zdDQZ7Thm29KFXgAX/+yaf3eVbP7djjWp/dXAppNCc=
golang.org/x/xerrors v0.0.0-20190717185122-a985d3407aa7/go.mod h1:I/5z698sn9Ka8TeJc9MKroUUfqBBauWjQqLJ2OPfmY0=
